{
  "requires": true,
  "lockfileVersion": 1,
  "dependencies": {
    "@babel/helper-validator-identifier": {
      "version": "7.14.9",
      "resolved": "https://registry.npmjs.org/@babel/helper-validator-identifier/-/helper-validator-identifier-7.14.9.tgz",
      "integrity": "sha512-pQYxPY0UP6IHISRitNe8bsijHex4TWZXi2HwKVsjPiltzlhse2znVcm9Ace510VT1kxIHjGJCZZQBX2gJDbo0g=="
    },
    "@babel/parser": {
      "version": "7.15.5",
      "resolved": "https://registry.npmjs.org/@babel/parser/-/parser-7.15.5.tgz",
      "integrity": "sha512-2hQstc6I7T6tQsWzlboMh3SgMRPaS4H6H7cPQsJkdzTzEGqQrpLDsE2BGASU5sBPoEQyHzeqU6C8uKbFeEk6sg=="
    },
    "@babel/types": {
      "version": "7.15.4",
      "resolved": "https://registry.npmjs.org/@babel/types/-/types-7.15.4.tgz",
      "integrity": "sha512-0f1HJFuGmmbrKTCZtbm3cU+b/AqdEYk5toj5iQur58xkVMlS0JWaKxTBSmCXd47uiN7vbcozAupm6Mvs80GNhw==",
      "requires": {
        "@babel/helper-validator-identifier": "^7.14.9",
        "to-fast-properties": "^2.0.0"
      }
    },
    "@vue/compiler-core": {
      "version": "3.2.10",
      "resolved": "https://registry.npmjs.org/@vue/compiler-core/-/compiler-core-3.2.10.tgz",
      "integrity": "sha512-KKFxveRE0zm9Je7vlutHOF59JRytUROYBXDuoOpiDOId7kVQWdeIzc1TondASsXUgzDjbYrWkRHXiHAzKFfsHA==",
      "requires": {
        "@babel/parser": "^7.15.0",
        "@babel/types": "^7.15.0",
        "@vue/shared": "3.2.10",
        "estree-walker": "^2.0.2",
        "source-map": "^0.6.1"
      }
    },
    "@vue/compiler-dom": {
      "version": "3.2.10",
      "resolved": "https://registry.npmjs.org/@vue/compiler-dom/-/compiler-dom-3.2.10.tgz",
      "integrity": "sha512-WFOWBj9dvIz5ktReYwvw2GMQ8YHtY//cOGTyCw5XSQw58sKm4JCQGe1HXfuEVDmRRI1s4L/gOFR2NgbRfGCtMw==",
      "requires": {
        "@vue/compiler-core": "3.2.10",
        "@vue/shared": "3.2.10"
      }
    },
    "@vue/reactivity": {
      "version": "3.2.10",
      "resolved": "https://registry.npmjs.org/@vue/reactivity/-/reactivity-3.2.10.tgz",
      "integrity": "sha512-99y12RahDwBC75NwX9aFDXKLSvW66gMjl/9CNrufGQTth2fWadGxJedvKXs46ZPyiu7bFMERLY9X9Jz4GWOIDw==",
      "requires": {
        "@vue/shared": "3.2.10"
      }
    },
    "@vue/runtime-core": {
      "version": "3.2.10",
      "resolved": "https://registry.npmjs.org/@vue/runtime-core/-/runtime-core-3.2.10.tgz",
      "integrity": "sha512-zErVTTpIqjiHtC6A7TeH3/LR21/tAW3O9qkyYAwMIq/cZFvH7C4XVJhCk8C3bEZDc5vxT5uQ83mE6sxU8bJqwg==",
      "requires": {
        "@vue/reactivity": "3.2.10",
        "@vue/shared": "3.2.10"
      }
    },
    "@vue/runtime-dom": {
      "version": "3.2.10",
      "resolved": "https://registry.npmjs.org/@vue/runtime-dom/-/runtime-dom-3.2.10.tgz",
      "integrity": "sha512-T9yri+ejTDLVMoKLTdilRw6vEKkCo7O82EkGJlV6lspEDCxgCDhfYrBlJRbx2SRd2fBHJ6R+c9ZVHpK4CYUtqQ==",
      "requires": {
        "@vue/runtime-core": "3.2.10",
        "@vue/shared": "3.2.10",
        "csstype": "^2.6.8"
      }
    },
    "@vue/shared": {
      "version": "3.2.10",
      "resolved": "https://registry.npmjs.org/@vue/shared/-/shared-3.2.10.tgz",
      "integrity": "sha512-Z5hbCx5jqAK0kscWcsVBpEeS0LfuSjgnkCBewQfsdBRyvHdJWKRUnCAJ7GqJO/iJtjSZHBFJYNoYyP7a/goh2A=="
    },
    "csstype": {
      "version": "2.6.17",
      "resolved": "https://registry.npmjs.org/csstype/-/csstype-2.6.17.tgz",
      "integrity": "sha512-u1wmTI1jJGzCJzWndZo8mk4wnPTZd1eOIYTYvuEyOQGfmDl3TrabCCfKnOC86FZwW/9djqTl933UF/cS425i9A=="
    },
    "estree-walker": {
      "version": "2.0.2",
      "resolved": "https://registry.npmjs.org/estree-walker/-/estree-walker-2.0.2.tgz",
      "integrity": "sha512-Rfkk/Mp/DL7JVje3u18FxFujQlTNR2q6QfMSMB7AvCBx91NGj/ba3kCfza0f6dVDbw7YlRf/nDrn7pQrCCyQ/w=="
    },
    "source-map": {
      "version": "0.6.1",
      "resolved": "https://registry.npmjs.org/source-map/-/source-map-0.6.1.tgz",
      "integrity": "sha512-UjgapumWlbMhkBgzT7Ykc5YXUT46F0iKu8SGXq0bcwP5dz/h0Plj6enJqjz1Zbq2l5WaqYnrVbwWOWMyF3F47g=="
    },
    "to-fast-properties": {
      "version": "2.0.0",
      "resolved": "https://registry.npmjs.org/to-fast-properties/-/to-fast-properties-2.0.0.tgz",
      "integrity": "sha1-3F5pjL0HkmW8c+A3doGk5Og/YW4="
    },
    "vue": {
      "version": "3.2.10",
      "resolved": "https://registry.npmjs.org/vue/-/vue-3.2.10.tgz",
      "integrity": "sha512-FUWsO/NxWcGiN6zlsViGC3Zh/VBpwf9681HrRjm6z5CrUMNkF/3IIySb0EwikNiBxkEh2zoHpN+o+SVSy8Ykxw==",
      "requires": {
        "@vue/compiler-dom": "3.2.10",
        "@vue/runtime-dom": "3.2.10",
        "@vue/shared": "3.2.10"
      }
    }
  }
}
